{
  "name": "pxgql",
  "version": "1.0.0",
  "lockfileVersion": 2,
  "requires": true,
  "packages": {
    "": {
      "name": "pxgql",
      "version": "1.0.0",
      "license": "MIT",
      "workspaces": [
        "pxgql-lang",
        "pxgql-js",
        "pxgql-py",
        "pxgql-cs"
      ]
    },
    "node_modules/pxgql-cs": {
      "resolved": "pxgql-cs",
      "link": true
    },
    "node_modules/pxgql-js": {
      "resolved": "pxgql-js",
      "link": true
    },
    "node_modules/pxgql-lang": {
      "resolved": "pxgql-lang",
      "link": true
    },
    "node_modules/pxgql-py": {
      "resolved": "pxgql-py",
      "link": true
    },
    "pxgql-cs": {
      "version": "1.0.0",
      "license": "MIT"
    },
    "pxgql-js": {
      "version": "1.0.0",
      "license": "MIT"
    },
    "pxgql-lang": {
      "version": "1.0.0",
      "license": "MIT"
    },
    "pxgql-py": {
      "version": "1.0.0",
      "license": "MIT"
    }
  },
  "dependencies": {
    "pxgql-cs": {
      "version": "file:pxgql-cs"
    },
    "pxgql-js": {
      "version": "file:pxgql-js"
    },
    "pxgql-lang": {
      "version": "file:pxgql-lang"
    },
    "pxgql-py": {
      "version": "file:pxgql-py"
    }
  }
}
